
Microsoft Visual Studio Solution File, Format Version 12.00
# Visual Studio Version 17
VisualStudioVersion = 17.7.34031.279
MinimumVisualStudioVersion = 10.0.40219.1
Project("{9A19103F-16F7-4668-BE54-9A1E7A4F7556}") = "OOP", "OOP.csproj", "{0D850ED2-C218-4AAB-8BEE-BDBF086251FD}"
EndProject
Global
	GlobalSection(SolutionConfigurationPlatforms) = preSolution
		Debug|Any CPU = Debug|Any CPU
		Release|Any CPU = Release|Any CPU
	EndGlobalSection
	GlobalSection(ProjectConfigurationPlatforms) = postSolution
		{0D850ED2-C218-4AAB-8BEE-BDBF086251FD}.Debug|Any CPU.ActiveCfg = Debug|Any CPU
		{0D850ED2-C218-4AAB-8BEE-BDBF086251FD}.Debug|Any CPU.Build.0 = Debug|Any CPU
		{0D850ED2-C218-4AAB-8BEE-BDBF086251FD}.Release|Any CPU.ActiveCfg = Release|Any CPU
		{0D850ED2-C218-4AAB-8BEE-BDBF086251FD}.Release|Any CPU.Build.0 = Release|Any CPU
	EndGlobalSection
	GlobalSection(SolutionProperties) = preSolution
		HideSolutionNode = FALSE
	EndGlobalSection
	GlobalSection(ExtensibilityGlobals) = postSolution
		SolutionGuid = {A9938D35-5B3B-47FC-B02F-A6851B56C727}
	EndGlobalSection
EndGlobal
